
Microsoft Visual Studio Solution File, Format Version 12.00
# Visual Studio Version 16
VisualStudioVersion = 16.0.29806.167
MinimumVisualStudioVersion = 10.0.40219.1
Project("{9A19103F-16F7-4668-BE54-9A1E7A4F7556}") = "FlightEvents.Web", "FlightEvents.Web\FlightEvents.Web.csproj", "{E9C068A9-EA10-436C-BBE7-8CA9047B9B70}"
EndProject
Project("{9A19103F-16F7-4668-BE54-9A1E7A4F7556}") = "FlightEvents.Client", "FlightEvents.Client\FlightEvents.Client.csproj", "{B83CFFFE-8A5B-4C37-AF4E-9B8673618F5F}"
EndProject
Project("{9A19103F-16F7-4668-BE54-9A1E7A4F7556}") = "FlightEvents.Data", "FlightEvents.Data\FlightEvents.Data.csproj", "{CDBEC9F7-EE90-4050-BE46-239FE21C474F}"
EndProject
Project("{9A19103F-16F7-4668-BE54-9A1E7A4F7556}") = "FlightEvents.Web.GraphQL", "FlightEvents.Web.GraphQL\FlightEvents.Web.GraphQL.csproj", "{00992B0E-844E-44BA-B88E-9F07CBD0392F}"
EndProject
Project("{9A19103F-16F7-4668-BE54-9A1E7A4F7556}") = "FlightEvents.Data.JsonFile", "FlightEvents.Data.JsonFile\FlightEvents.Data.JsonFile.csproj", "{13E5A432-B670-4F65-B865-5873AD3DC240}"
EndProject
Project("{2150E333-8FDC-42A3-9474-1A3956D46DE8}") = "Server", "Server", "{87EA62A0-E7E1-44A8-A766-13F48F2849E1}"
EndProject
Project("{2150E333-8FDC-42A3-9474-1A3956D46DE8}") = "Client", "Client", "{E85E75DB-4CF7-460F-8D5E-F68626121278}"
EndProject
Project("{9A19103F-16F7-4668-BE54-9A1E7A4F7556}") = "FlightEvents.Client.Logics", "FlightEvents.Client.Logics\FlightEvents.Client.Logics.csproj", "{3AE627CF-9E7C-4D28-936E-6C078AB48870}"
EndProject
Project("{9A19103F-16F7-4668-BE54-9A1E7A4F7556}") = "FlightEvents.Client.SimConnectFSX", "FlightEvents.Client.SimConnectFSX\FlightEvents.Client.SimConnectFSX.csproj", "{35D9FCAC-72B4-4356-BE5E-EC9DBAAB6E78}"
EndProject
Project("{9A19103F-16F7-4668-BE54-9A1E7A4F7556}") = "FlightEvents.Common", "FlightEvents.Common\FlightEvents.Common.csproj", "{821A8906-8571-4A28-926D-07B78BE21E26}"
EndProject
Project("{9A19103F-16F7-4668-BE54-9A1E7A4F7556}") = "FlightEvents.MockClient", "FlightEvents.MockClient\FlightEvents.MockClient.csproj", "{D0673ED8-366D-414B-877C-7D5E49C64F5A}"
EndProject
Project("{9A19103F-16F7-4668-BE54-9A1E7A4F7556}") = "FlightEvents.Data.AzureStorage", "FlightEvents.Data.AzureStorage\FlightEvents.Data.AzureStorage.csproj", "{AC7D99F4-3F4B-4F7E-BE76-4944E223E91D}"
EndProject
Project("{9A19103F-16F7-4668-BE54-9A1E7A4F7556}") = "FlightEvents.Client.ATC", "FlightEvents.Client.ATC\FlightEvents.Client.ATC.csproj", "{3AD1343F-875A-48AA-87B6-8954613EA7C7}"
EndProject
Project("{2150E333-8FDC-42A3-9474-1A3956D46DE8}") = "Solution Items", "Solution Items", "{AF70EA6A-8AD8-4429-9D87-019F0EA39839}"
	ProjectSection(SolutionItems) = preProject
		.github\workflows\dotnetcore.yml = .github\workflows\dotnetcore.yml
		README.md = README.md
	EndProjectSection
EndProject
Project("{2150E333-8FDC-42A3-9474-1A3956D46DE8}") = "Bot", "Bot", "{285ACFD8-0FCA-4917-B73A-06435E65EB1F}"
EndProject
Project("{9A19103F-16F7-4668-BE54-9A1E7A4F7556}") = "FlightEvents.DiscordBot", "FlightEvents.DiscordBot\FlightEvents.DiscordBot.csproj", "{F9CE08AC-0919-468B-B23A-7882D1AE9A68}"
EndProject
Project("{2150E333-8FDC-42A3-9474-1A3956D46DE8}") = "Tests", "Tests", "{13516696-B851-4268-A502-0D3C8AD4A118}"
EndProject
Project("{9A19103F-16F7-4668-BE54-9A1E7A4F7556}") = "FlightEvents.Common.Tests", "FlightEvents.Common.Tests\FlightEvents.Common.Tests.csproj", "{373A618D-42DB-421A-94A8-C62A4F0665DE}"
EndProject
Project("{C7167F0D-BC9F-4E6E-AFE1-012C56B48DB5}") = "FlightEvents.Client.Installer", "FlightEvents.Client.Installer\FlightEvents.Client.Installer.wapproj", "{A3A93BB3-37D7-45FE-9CC3-353DDE42BC2E}"
EndProject
Global
	GlobalSection(SolutionConfigurationPlatforms) = preSolution
		Debug|Any CPU = Debug|Any CPU
		Debug|ARM = Debug|ARM
		Debug|ARM64 = Debug|ARM64
		Debug|x64 = Debug|x64
		Debug|x86 = Debug|x86
		Release|Any CPU = Release|Any CPU
		Release|ARM = Release|ARM
		Release|ARM64 = Release|ARM64
		Release|x64 = Release|x64
		Release|x86 = Release|x86
	EndGlobalSection
	GlobalSection(ProjectConfigurationPlatforms) = postSolution
		{E9C068A9-EA10-436C-BBE7-8CA9047B9B70}.Debug|Any CPU.ActiveCfg = Debug|Any CPU
		{E9C068A9-EA10-436C-BBE7-8CA9047B9B70}.Debug|Any CPU.Build.0 = Debug|Any CPU
		{E9C068A9-EA10-436C-BBE7-8CA9047B9B70}.Debug|ARM.ActiveCfg = Debug|Any CPU
		{E9C068A9-EA10-436C-BBE7-8CA9047B9B70}.Debug|ARM.Build.0 = Debug|Any CPU
		{E9C068A9-EA10-436C-BBE7-8CA9047B9B70}.Debug|ARM64.ActiveCfg = Debug|Any CPU
		{E9C068A9-EA10-436C-BBE7-8CA9047B9B70}.Debug|ARM64.Build.0 = Debug|Any CPU
		{E9C068A9-EA10-436C-BBE7-8CA9047B9B70}.Debug|x64.ActiveCfg = Debug|Any CPU
		{E9C068A9-EA10-436C-BBE7-8CA9047B9B70}.Debug|x64.Build.0 = Debug|Any CPU
		{E9C068A9-EA10-436C-BBE7-8CA9047B9B70}.Debug|x86.ActiveCfg = Debug|Any CPU
		{E9C068A9-EA10-436C-BBE7-8CA9047B9B70}.Debug|x86.Build.0 = Debug|Any CPU
		{E9C068A9-EA10-436C-BBE7-8CA9047B9B70}.Release|Any CPU.ActiveCfg = Release|Any CPU
		{E9C068A9-EA10-436C-BBE7-8CA9047B9B70}.Release|Any CPU.Build.0 = Release|Any CPU
		{E9C068A9-EA10-436C-BBE7-8CA9047B9B70}.Release|ARM.ActiveCfg = Release|Any CPU
		{E9C068A9-EA10-436C-BBE7-8CA9047B9B70}.Release|ARM.Build.0 = Release|Any CPU
		{E9C068A9-EA10-436C-BBE7-8CA9047B9B70}.Release|ARM64.ActiveCfg = Release|Any CPU
		{E9C068A9-EA10-436C-BBE7-8CA9047B9B70}.Release|ARM64.Build.0 = Release|Any CPU
		{E9C068A9-EA10-436C-BBE7-8CA9047B9B70}.Release|x64.ActiveCfg = Release|Any CPU
		{E9C068A9-EA10-436C-BBE7-8CA9047B9B70}.Release|x64.Build.0 = Release|Any CPU
		{E9C068A9-EA10-436C-BBE7-8CA9047B9B70}.Release|x86.ActiveCfg = Release|Any CPU
		{E9C068A9-EA10-436C-BBE7-8CA9047B9B70}.Release|x86.Build.0 = Release|Any CPU
		{B83CFFFE-8A5B-4C37-AF4E-9B8673618F5F}.Debug|Any CPU.ActiveCfg = Debug|Any CPU
		{B83CFFFE-8A5B-4C37-AF4E-9B8673618F5F}.Debug|Any CPU.Build.0 = Debug|Any CPU
		{B83CFFFE-8A5B-4C37-AF4E-9B8673618F5F}.Debug|ARM.ActiveCfg = Debug|Any CPU
		{B83CFFFE-8A5B-4C37-AF4E-9B8673618F5F}.Debug|ARM.Build.0 = Debug|Any CPU
		{B83CFFFE-8A5B-4C37-AF4E-9B8673618F5F}.Debug|ARM64.ActiveCfg = Debug|Any CPU
		{B83CFFFE-8A5B-4C37-AF4E-9B8673618F5F}.Debug|ARM64.Build.0 = Debug|Any CPU
		{B83CFFFE-8A5B-4C37-AF4E-9B8673618F5F}.Debug|x64.ActiveCfg = Debug|Any CPU
		{B83CFFFE-8A5B-4C37-AF4E-9B8673618F5F}.Debug|x64.Build.0 = Debug|Any CPU
		{B83CFFFE-8A5B-4C37-AF4E-9B8673618F5F}.Debug|x86.ActiveCfg = Debug|Any CPU
		{B83CFFFE-8A5B-4C37-AF4E-9B8673618F5F}.Debug|x86.Build.0 = Debug|Any CPU
		{B83CFFFE-8A5B-4C37-AF4E-9B8673618F5F}.Release|Any CPU.ActiveCfg = Release|Any CPU
		{B83CFFFE-8A5B-4C37-AF4E-9B8673618F5F}.Release|Any CPU.Build.0 = Release|Any CPU
		{B83CFFFE-8A5B-4C37-AF4E-9B8673618F5F}.Release|ARM.ActiveCfg = Release|Any CPU
		{B83CFFFE-8A5B-4C37-AF4E-9B8673618F5F}.Release|ARM.Build.0 = Release|Any CPU
		{B83CFFFE-8A5B-4C37-AF4E-9B8673618F5F}.Release|ARM64.ActiveCfg = Release|Any CPU
		{B83CFFFE-8A5B-4C37-AF4E-9B8673618F5F}.Release|ARM64.Build.0 = Release|Any CPU
		{B83CFFFE-8A5B-4C37-AF4E-9B8673618F5F}.Release|x64.ActiveCfg = Release|Any CPU
		{B83CFFFE-8A5B-4C37-AF4E-9B8673618F5F}.Release|x64.Build.0 = Release|Any CPU
		{B83CFFFE-8A5B-4C37-AF4E-9B8673618F5F}.Release|x86.ActiveCfg = Release|Any CPU
		{B83CFFFE-8A5B-4C37-AF4E-9B8673618F5F}.Release|x86.Build.0 = Release|Any CPU
		{CDBEC9F7-EE90-4050-BE46-239FE21C474F}.Debug|Any CPU.ActiveCfg = Debug|Any CPU
		{CDBEC9F7-EE90-4050-BE46-239FE21C474F}.Debug|Any CPU.Build.0 = Debug|Any CPU
		{CDBEC9F7-EE90-4050-BE46-239FE21C474F}.Debug|ARM.ActiveCfg = Debug|Any CPU
		{CDBEC9F7-EE90-4050-BE46-239FE21C474F}.Debug|ARM.Build.0 = Debug|Any CPU
		{CDBEC9F7-EE90-4050-BE46-239FE21C474F}.Debug|ARM64.ActiveCfg = Debug|Any CPU
		{CDBEC9F7-EE90-4050-BE46-239FE21C474F}.Debug|ARM64.Build.0 = Debug|Any CPU
		{CDBEC9F7-EE90-4050-BE46-239FE21C474F}.Debug|x64.ActiveCfg = Debug|Any CPU
		{CDBEC9F7-EE90-4050-BE46-239FE21C474F}.Debug|x64.Build.0 = Debug|Any CPU
		{CDBEC9F7-EE90-4050-BE46-239FE21C474F}.Debug|x86.ActiveCfg = Debug|Any CPU
		{CDBEC9F7-EE90-4050-BE46-239FE21C474F}.Debug|x86.Build.0 = Debug|Any CPU
		{CDBEC9F7-EE90-4050-BE46-239FE21C474F}.Release|Any CPU.ActiveCfg = Release|Any CPU
		{CDBEC9F7-EE90-4050-BE46-239FE21C474F}.Release|Any CPU.Build.0 = Release|Any CPU
		{CDBEC9F7-EE90-4050-BE46-239FE21C474F}.Release|ARM.ActiveCfg = Release|Any CPU
		{CDBEC9F7-EE90-4050-BE46-239FE21C474F}.Release|ARM.Build.0 = Release|Any CPU
		{CDBEC9F7-EE90-4050-BE46-239FE21C474F}.Release|ARM64.ActiveCfg = Release|Any CPU
		{CDBEC9F7-EE90-4050-BE46-239FE21C474F}.Release|ARM64.Build.0 = Release|Any CPU
		{CDBEC9F7-EE90-4050-BE46-239FE21C474F}.Release|x64.ActiveCfg = Release|Any CPU
		{CDBEC9F7-EE90-4050-BE46-239FE21C474F}.Release|x64.Build.0 = Release|Any CPU
		{CDBEC9F7-EE90-4050-BE46-239FE21C474F}.Release|x86.ActiveCfg = Release|Any CPU
		{CDBEC9F7-EE90-4050-BE46-239FE21C474F}.Release|x86.Build.0 = Release|Any CPU
		{00992B0E-844E-44BA-B88E-9F07CBD0392F}.Debug|Any CPU.ActiveCfg = Debug|Any CPU
		{00992B0E-844E-44BA-B88E-9F07CBD0392F}.Debug|Any CPU.Build.0 = Debug|Any CPU
		{00992B0E-844E-44BA-B88E-9F07CBD0392F}.Debug|ARM.ActiveCfg = Debug|Any CPU
		{00992B0E-844E-44BA-B88E-9F07CBD0392F}.Debug|ARM.Build.0 = Debug|Any CPU
		{00992B0E-844E-44BA-B88E-9F07CBD0392F}.Debug|ARM64.ActiveCfg = Debug|Any CPU
		{00992B0E-844E-44BA-B88E-9F07CBD0392F}.Debug|ARM64.Build.0 = Debug|Any CPU
		{00992B0E-844E-44BA-B88E-9F07CBD0392F}.Debug|x64.ActiveCfg = Debug|Any CPU
		{00992B0E-844E-44BA-B88E-9F07CBD0392F}.Debug|x64.Build.0 = Debug|Any CPU
		{00992B0E-844E-44BA-B88E-9F07CBD0392F}.Debug|x86.ActiveCfg = Debug|Any CPU
		{00992B0E-844E-44BA-B88E-9F07CBD0392F}.Debug|x86.Build.0 = Debug|Any CPU
		{00992B0E-844E-44BA-B88E-9F07CBD0392F}.Release|Any CPU.ActiveCfg = Release|Any CPU
		{00992B0E-844E-44BA-B88E-9F07CBD0392F}.Release|Any CPU.Build.0 = Release|Any CPU
		{00992B0E-844E-44BA-B88E-9F07CBD0392F}.Release|ARM.ActiveCfg = Release|Any CPU
		{00992B0E-844E-44BA-B88E-9F07CBD0392F}.Release|ARM.Build.0 = Release|Any CPU
		{00992B0E-844E-44BA-B88E-9F07CBD0392F}.Release|ARM64.ActiveCfg = Release|Any CPU
		{00992B0E-844E-44BA-B88E-9F07CBD0392F}.Release|ARM64.Build.0 = Release|Any CPU
		{00992B0E-844E-44BA-B88E-9F07CBD0392F}.Release|x64.ActiveCfg = Release|Any CPU
		{00992B0E-844E-44BA-B88E-9F07CBD0392F}.Release|x64.Build.0 = Release|Any CPU
		{00992B0E-844E-44BA-B88E-9F07CBD0392F}.Release|x86.ActiveCfg = Release|Any CPU
		{00992B0E-844E-44BA-B88E-9F07CBD0392F}.Release|x86.Build.0 = Release|Any CPU
		{13E5A432-B670-4F65-B865-5873AD3DC240}.Debug|Any CPU.ActiveCfg = Debug|Any CPU
		{13E5A432-B670-4F65-B865-5873AD3DC240}.Debug|Any CPU.Build.0 = Debug|Any CPU
		{13E5A432-B670-4F65-B865-5873AD3DC240}.Debug|ARM.ActiveCfg = Debug|Any CPU
		{13E5A432-B670-4F65-B865-5873AD3DC240}.Debug|ARM.Build.0 = Debug|Any CPU
		{13E5A432-B670-4F65-B865-5873AD3DC240}.Debug|ARM64.ActiveCfg = Debug|Any CPU
		{13E5A432-B670-4F65-B865-5873AD3DC240}.Debug|ARM64.Build.0 = Debug|Any CPU
		{13E5A432-B670-4F65-B865-5873AD3DC240}.Debug|x64.ActiveCfg = Debug|Any CPU
		{13E5A432-B670-4F65-B865-5873AD3DC240}.Debug|x64.Build.0 = Debug|Any CPU
		{13E5A432-B670-4F65-B865-5873AD3DC240}.Debug|x86.ActiveCfg = Debug|Any CPU
		{13E5A432-B670-4F65-B865-5873AD3DC240}.Debug|x86.Build.0 = Debug|Any CPU
		{13E5A432-B670-4F65-B865-5873AD3DC240}.Release|Any CPU.ActiveCfg = Release|Any CPU
		{13E5A432-B670-4F65-B865-5873AD3DC240}.Release|Any CPU.Build.0 = Release|Any CPU
		{13E5A432-B670-4F65-B865-5873AD3DC240}.Release|ARM.ActiveCfg = Release|Any CPU
		{13E5A432-B670-4F65-B865-5873AD3DC240}.Release|ARM.Build.0 = Release|Any CPU
		{13E5A432-B670-4F65-B865-5873AD3DC240}.Release|ARM64.ActiveCfg = Release|Any CPU
		{13E5A432-B670-4F65-B865-5873AD3DC240}.Release|ARM64.Build.0 = Release|Any CPU
		{13E5A432-B670-4F65-B865-5873AD3DC240}.Release|x64.ActiveCfg = Release|Any CPU
		{13E5A432-B670-4F65-B865-5873AD3DC240}.Release|x64.Build.0 = Release|Any CPU
		{13E5A432-B670-4F65-B865-5873AD3DC240}.Release|x86.ActiveCfg = Release|Any CPU
		{13E5A432-B670-4F65-B865-5873AD3DC240}.Release|x86.Build.0 = Release|Any CPU
		{3AE627CF-9E7C-4D28-936E-6C078AB48870}.Debug|Any CPU.ActiveCfg = Debug|Any CPU
		{3AE627CF-9E7C-4D28-936E-6C078AB48870}.Debug|Any CPU.Build.0 = Debug|Any CPU
		{3AE627CF-9E7C-4D28-936E-6C078AB48870}.Debug|ARM.ActiveCfg = Debug|Any CPU
		{3AE627CF-9E7C-4D28-936E-6C078AB48870}.Debug|ARM.Build.0 = Debug|Any CPU
		{3AE627CF-9E7C-4D28-936E-6C078AB48870}.Debug|ARM64.ActiveCfg = Debug|Any CPU
		{3AE627CF-9E7C-4D28-936E-6C078AB48870}.Debug|ARM64.Build.0 = Debug|Any CPU
		{3AE627CF-9E7C-4D28-936E-6C078AB48870}.Debug|x64.ActiveCfg = Debug|Any CPU
		{3AE627CF-9E7C-4D28-936E-6C078AB48870}.Debug|x64.Build.0 = Debug|Any CPU
		{3AE627CF-9E7C-4D28-936E-6C078AB48870}.Debug|x86.ActiveCfg = Debug|Any CPU
		{3AE627CF-9E7C-4D28-936E-6C078AB48870}.Debug|x86.Build.0 = Debug|Any CPU
		{3AE627CF-9E7C-4D28-936E-6C078AB48870}.Release|Any CPU.ActiveCfg = Release|Any CPU
		{3AE627CF-9E7C-4D28-936E-6C078AB48870}.Release|Any CPU.Build.0 = Release|Any CPU
		{3AE627CF-9E7C-4D28-936E-6C078AB48870}.Release|ARM.ActiveCfg = Release|Any CPU
		{3AE627CF-9E7C-4D28-936E-6C078AB48870}.Release|ARM.Build.0 = Release|Any CPU
		{3AE627CF-9E7C-4D28-936E-6C078AB48870}.Release|ARM64.ActiveCfg = Release|Any CPU
		{3AE627CF-9E7C-4D28-936E-6C078AB48870}.Release|ARM64.Build.0 = Release|Any CPU
		{3AE627CF-9E7C-4D28-936E-6C078AB48870}.Release|x64.ActiveCfg = Release|Any CPU
		{3AE627CF-9E7C-4D28-936E-6C078AB48870}.Release|x64.Build.0 = Release|Any CPU
		{3AE627CF-9E7C-4D28-936E-6C078AB48870}.Release|x86.ActiveCfg = Release|Any CPU
		{3AE627CF-9E7C-4D28-936E-6C078AB48870}.Release|x86.Build.0 = Release|Any CPU
		{35D9FCAC-72B4-4356-BE5E-EC9DBAAB6E78}.Debug|Any CPU.ActiveCfg = Debug|Any CPU
		{35D9FCAC-72B4-4356-BE5E-EC9DBAAB6E78}.Debug|Any CPU.Build.0 = Debug|Any CPU
		{35D9FCAC-72B4-4356-BE5E-EC9DBAAB6E78}.Debug|ARM.ActiveCfg = Debug|Any CPU
		{35D9FCAC-72B4-4356-BE5E-EC9DBAAB6E78}.Debug|ARM.Build.0 = Debug|Any CPU
		{35D9FCAC-72B4-4356-BE5E-EC9DBAAB6E78}.Debug|ARM64.ActiveCfg = Debug|Any CPU
		{35D9FCAC-72B4-4356-BE5E-EC9DBAAB6E78}.Debug|ARM64.Build.0 = Debug|Any CPU
		{35D9FCAC-72B4-4356-BE5E-EC9DBAAB6E78}.Debug|x64.ActiveCfg = Debug|Any CPU
		{35D9FCAC-72B4-4356-BE5E-EC9DBAAB6E78}.Debug|x64.Build.0 = Debug|Any CPU
		{35D9FCAC-72B4-4356-BE5E-EC9DBAAB6E78}.Debug|x86.ActiveCfg = Debug|Any CPU
		{35D9FCAC-72B4-4356-BE5E-EC9DBAAB6E78}.Debug|x86.Build.0 = Debug|Any CPU
		{35D9FCAC-72B4-4356-BE5E-EC9DBAAB6E78}.Release|Any CPU.ActiveCfg = Release|Any CPU
		{35D9FCAC-72B4-4356-BE5E-EC9DBAAB6E78}.Release|Any CPU.Build.0 = Release|Any CPU
		{35D9FCAC-72B4-4356-BE5E-EC9DBAAB6E78}.Release|ARM.ActiveCfg = Release|Any CPU
		{35D9FCAC-72B4-4356-BE5E-EC9DBAAB6E78}.Release|ARM.Build.0 = Release|Any CPU
		{35D9FCAC-72B4-4356-BE5E-EC9DBAAB6E78}.Release|ARM64.ActiveCfg = Release|Any CPU
		{35D9FCAC-72B4-4356-BE5E-EC9DBAAB6E78}.Release|ARM64.Build.0 = Release|Any CPU
		{35D9FCAC-72B4-4356-BE5E-EC9DBAAB6E78}.Release|x64.ActiveCfg = Release|Any CPU
		{35D9FCAC-72B4-4356-BE5E-EC9DBAAB6E78}.Release|x64.Build.0 = Release|Any CPU
		{35D9FCAC-72B4-4356-BE5E-EC9DBAAB6E78}.Release|x86.ActiveCfg = Release|Any CPU
		{35D9FCAC-72B4-4356-BE5E-EC9DBAAB6E78}.Release|x86.Build.0 = Release|Any CPU
		{821A8906-8571-4A28-926D-07B78BE21E26}.Debug|Any CPU.ActiveCfg = Debug|Any CPU
		{821A8906-8571-4A28-926D-07B78BE21E26}.Debug|Any CPU.Build.0 = Debug|Any CPU
		{821A8906-8571-4A28-926D-07B78BE21E26}.Debug|ARM.ActiveCfg = Debug|Any CPU
		{821A8906-8571-4A28-926D-07B78BE21E26}.Debug|ARM.Build.0 = Debug|Any CPU
		{821A8906-8571-4A28-926D-07B78BE21E26}.Debug|ARM64.ActiveCfg = Debug|Any CPU
		{821A8906-8571-4A28-926D-07B78BE21E26}.Debug|ARM64.Build.0 = Debug|Any CPU
		{821A8906-8571-4A28-926D-07B78BE21E26}.Debug|x64.ActiveCfg = Debug|Any CPU
		{821A8906-8571-4A28-926D-07B78BE21E26}.Debug|x64.Build.0 = Debug|Any CPU
		{821A8906-8571-4A28-926D-07B78BE21E26}.Debug|x86.ActiveCfg = Debug|Any CPU
		{821A8906-8571-4A28-926D-07B78BE21E26}.Debug|x86.Build.0 = Debug|Any CPU
		{821A8906-8571-4A28-926D-07B78BE21E26}.Release|Any CPU.ActiveCfg = Release|Any CPU
		{821A8906-8571-4A28-926D-07B78BE21E26}.Release|Any CPU.Build.0 = Release|Any CPU
		{821A8906-8571-4A28-926D-07B78BE21E26}.Release|ARM.ActiveCfg = Release|Any CPU
		{821A8906-8571-4A28-926D-07B78BE21E26}.Release|ARM.Build.0 = Release|Any CPU
		{821A8906-8571-4A28-926D-07B78BE21E26}.Release|ARM64.ActiveCfg = Release|Any CPU
		{821A8906-8571-4A28-926D-07B78BE21E26}.Release|ARM64.Build.0 = Release|Any CPU
		{821A8906-8571-4A28-926D-07B78BE21E26}.Release|x64.ActiveCfg = Release|Any CPU
		{821A8906-8571-4A28-926D-07B78BE21E26}.Release|x64.Build.0 = Release|Any CPU
		{821A8906-8571-4A28-926D-07B78BE21E26}.Release|x86.ActiveCfg = Release|Any CPU
		{821A8906-8571-4A28-926D-07B78BE21E26}.Release|x86.Build.0 = Release|Any CPU
		{D0673ED8-366D-414B-877C-7D5E49C64F5A}.Debug|Any CPU.ActiveCfg = Debug|Any CPU
		{D0673ED8-366D-414B-877C-7D5E49C64F5A}.Debug|Any CPU.Build.0 = Debug|Any CPU
		{D0673ED8-366D-414B-877C-7D5E49C64F5A}.Debug|ARM.ActiveCfg = Debug|Any CPU
		{D0673ED8-366D-414B-877C-7D5E49C64F5A}.Debug|ARM.Build.0 = Debug|Any CPU
		{D0673ED8-366D-414B-877C-7D5E49C64F5A}.Debug|ARM64.ActiveCfg = Debug|Any CPU
		{D0673ED8-366D-414B-877C-7D5E49C64F5A}.Debug|ARM64.Build.0 = Debug|Any CPU
		{D0673ED8-366D-414B-877C-7D5E49C64F5A}.Debug|x64.ActiveCfg = Debug|Any CPU
		{D0673ED8-366D-414B-877C-7D5E49C64F5A}.Debug|x64.Build.0 = Debug|Any CPU
		{D0673ED8-366D-414B-877C-7D5E49C64F5A}.Debug|x86.ActiveCfg = Debug|Any CPU
		{D0673ED8-366D-414B-877C-7D5E49C64F5A}.Debug|x86.Build.0 = Debug|Any CPU
		{D0673ED8-366D-414B-877C-7D5E49C64F5A}.Release|Any CPU.ActiveCfg = Release|Any CPU
		{D0673ED8-366D-414B-877C-7D5E49C64F5A}.Release|Any CPU.Build.0 = Release|Any CPU
		{D0673ED8-366D-414B-877C-7D5E49C64F5A}.Release|ARM.ActiveCfg = Release|Any CPU
		{D0673ED8-366D-414B-877C-7D5E49C64F5A}.Release|ARM.Build.0 = Release|Any CPU
		{D0673ED8-366D-414B-877C-7D5E49C64F5A}.Release|ARM64.ActiveCfg = Release|Any CPU
		{D0673ED8-366D-414B-877C-7D5E49C64F5A}.Release|ARM64.Build.0 = Release|Any CPU
		{D0673ED8-366D-414B-877C-7D5E49C64F5A}.Release|x64.ActiveCfg = Release|Any CPU
		{D0673ED8-366D-414B-877C-7D5E49C64F5A}.Release|x64.Build.0 = Release|Any CPU
		{D0673ED8-366D-414B-877C-7D5E49C64F5A}.Release|x86.ActiveCfg = Release|Any CPU
		{D0673ED8-366D-414B-877C-7D5E49C64F5A}.Release|x86.Build.0 = Release|Any CPU
		{AC7D99F4-3F4B-4F7E-BE76-4944E223E91D}.Debug|Any CPU.ActiveCfg = Debug|Any CPU
		{AC7D99F4-3F4B-4F7E-BE76-4944E223E91D}.Debug|Any CPU.Build.0 = Debug|Any CPU
		{AC7D99F4-3F4B-4F7E-BE76-4944E223E91D}.Debug|ARM.ActiveCfg = Debug|Any CPU
		{AC7D99F4-3F4B-4F7E-BE76-4944E223E91D}.Debug|ARM.Build.0 = Debug|Any CPU
		{AC7D99F4-3F4B-4F7E-BE76-4944E223E91D}.Debug|ARM64.ActiveCfg = Debug|Any CPU
		{AC7D99F4-3F4B-4F7E-BE76-4944E223E91D}.Debug|ARM64.Build.0 = Debug|Any CPU
		{AC7D99F4-3F4B-4F7E-BE76-4944E223E91D}.Debug|x64.ActiveCfg = Debug|Any CPU
		{AC7D99F4-3F4B-4F7E-BE76-4944E223E91D}.Debug|x64.Build.0 = Debug|Any CPU
		{AC7D99F4-3F4B-4F7E-BE76-4944E223E91D}.Debug|x86.ActiveCfg = Debug|Any CPU
		{AC7D99F4-3F4B-4F7E-BE76-4944E223E91D}.Debug|x86.Build.0 = Debug|Any CPU
		{AC7D99F4-3F4B-4F7E-BE76-4944E223E91D}.Release|Any CPU.ActiveCfg = Release|Any CPU
		{AC7D99F4-3F4B-4F7E-BE76-4944E223E91D}.Release|Any CPU.Build.0 = Release|Any CPU
		{AC7D99F4-3F4B-4F7E-BE76-4944E223E91D}.Release|ARM.ActiveCfg = Release|Any CPU
		{AC7D99F4-3F4B-4F7E-BE76-4944E223E91D}.Release|ARM.Build.0 = Release|Any CPU
		{AC7D99F4-3F4B-4F7E-BE76-4944E223E91D}.Release|ARM64.ActiveCfg = Release|Any CPU
		{AC7D99F4-3F4B-4F7E-BE76-4944E223E91D}.Release|ARM64.Build.0 = Release|Any CPU
		{AC7D99F4-3F4B-4F7E-BE76-4944E223E91D}.Release|x64.ActiveCfg = Release|Any CPU
		{AC7D99F4-3F4B-4F7E-BE76-4944E223E91D}.Release|x64.Build.0 = Release|Any CPU
		{AC7D99F4-3F4B-4F7E-BE76-4944E223E91D}.Release|x86.ActiveCfg = Release|Any CPU
		{AC7D99F4-3F4B-4F7E-BE76-4944E223E91D}.Release|x86.Build.0 = Release|Any CPU
		{3AD1343F-875A-48AA-87B6-8954613EA7C7}.Debug|Any CPU.ActiveCfg = Debug|Any CPU
		{3AD1343F-875A-48AA-87B6-8954613EA7C7}.Debug|Any CPU.Build.0 = Debug|Any CPU
		{3AD1343F-875A-48AA-87B6-8954613EA7C7}.Debug|ARM.ActiveCfg = Debug|Any CPU
		{3AD1343F-875A-48AA-87B6-8954613EA7C7}.Debug|ARM.Build.0 = Debug|Any CPU
		{3AD1343F-875A-48AA-87B6-8954613EA7C7}.Debug|ARM64.ActiveCfg = Debug|Any CPU
		{3AD1343F-875A-48AA-87B6-8954613EA7C7}.Debug|ARM64.Build.0 = Debug|Any CPU
		{3AD1343F-875A-48AA-87B6-8954613EA7C7}.Debug|x64.ActiveCfg = Debug|Any CPU
		{3AD1343F-875A-48AA-87B6-8954613EA7C7}.Debug|x64.Build.0 = Debug|Any CPU
		{3AD1343F-875A-48AA-87B6-8954613EA7C7}.Debug|x86.ActiveCfg = Debug|Any CPU
		{3AD1343F-875A-48AA-87B6-8954613EA7C7}.Debug|x86.Build.0 = Debug|Any CPU
		{3AD1343F-875A-48AA-87B6-8954613EA7C7}.Release|Any CPU.ActiveCfg = Release|Any CPU
		{3AD1343F-875A-48AA-87B6-8954613EA7C7}.Release|Any CPU.Build.0 = Release|Any CPU
		{3AD1343F-875A-48AA-87B6-8954613EA7C7}.Release|ARM.ActiveCfg = Release|Any CPU
		{3AD1343F-875A-48AA-87B6-8954613EA7C7}.Release|ARM.Build.0 = Release|Any CPU
		{3AD1343F-875A-48AA-87B6-8954613EA7C7}.Release|ARM64.ActiveCfg = Release|Any CPU
		{3AD1343F-875A-48AA-87B6-8954613EA7C7}.Release|ARM64.Build.0 = Release|Any CPU
		{3AD1343F-875A-48AA-87B6-8954613EA7C7}.Release|x64.ActiveCfg = Release|Any CPU
		{3AD1343F-875A-48AA-87B6-8954613EA7C7}.Release|x64.Build.0 = Release|Any CPU
		{3AD1343F-875A-48AA-87B6-8954613EA7C7}.Release|x86.ActiveCfg = Release|Any CPU
		{3AD1343F-875A-48AA-87B6-8954613EA7C7}.Release|x86.Build.0 = Release|Any CPU
		{F9CE08AC-0919-468B-B23A-7882D1AE9A68}.Debug|Any CPU.ActiveCfg = Debug|Any CPU
		{F9CE08AC-0919-468B-B23A-7882D1AE9A68}.Debug|Any CPU.Build.0 = Debug|Any CPU
		{F9CE08AC-0919-468B-B23A-7882D1AE9A68}.Debug|ARM.ActiveCfg = Debug|Any CPU
		{F9CE08AC-0919-468B-B23A-7882D1AE9A68}.Debug|ARM.Build.0 = Debug|Any CPU
		{F9CE08AC-0919-468B-B23A-7882D1AE9A68}.Debug|ARM64.ActiveCfg = Debug|Any CPU
		{F9CE08AC-0919-468B-B23A-7882D1AE9A68}.Debug|ARM64.Build.0 = Debug|Any CPU
		{F9CE08AC-0919-468B-B23A-7882D1AE9A68}.Debug|x64.ActiveCfg = Debug|Any CPU
		{F9CE08AC-0919-468B-B23A-7882D1AE9A68}.Debug|x64.Build.0 = Debug|Any CPU
		{F9CE08AC-0919-468B-B23A-7882D1AE9A68}.Debug|x86.ActiveCfg = Debug|Any CPU
		{F9CE08AC-0919-468B-B23A-7882D1AE9A68}.Debug|x86.Build.0 = Debug|Any CPU
		{F9CE08AC-0919-468B-B23A-7882D1AE9A68}.Release|Any CPU.ActiveCfg = Release|Any CPU
		{F9CE08AC-0919-468B-B23A-7882D1AE9A68}.Release|Any CPU.Build.0 = Release|Any CPU
		{F9CE08AC-0919-468B-B23A-7882D1AE9A68}.Release|ARM.ActiveCfg = Release|Any CPU
		{F9CE08AC-0919-468B-B23A-7882D1AE9A68}.Release|ARM.Build.0 = Release|Any CPU
		{F9CE08AC-0919-468B-B23A-7882D1AE9A68}.Release|ARM64.ActiveCfg = Release|Any CPU
		{F9CE08AC-0919-468B-B23A-7882D1AE9A68}.Release|ARM64.Build.0 = Release|Any CPU
		{F9CE08AC-0919-468B-B23A-7882D1AE9A68}.Release|x64.ActiveCfg = Release|Any CPU
		{F9CE08AC-0919-468B-B23A-7882D1AE9A68}.Release|x64.Build.0 = Release|Any CPU
		{F9CE08AC-0919-468B-B23A-7882D1AE9A68}.Release|x86.ActiveCfg = Release|Any CPU
		{F9CE08AC-0919-468B-B23A-7882D1AE9A68}.Release|x86.Build.0 = Release|Any CPU
		{373A618D-42DB-421A-94A8-C62A4F0665DE}.Debug|Any CPU.ActiveCfg = Debug|Any CPU
		{373A618D-42DB-421A-94A8-C62A4F0665DE}.Debug|Any CPU.Build.0 = Debug|Any CPU
		{373A618D-42DB-421A-94A8-C62A4F0665DE}.Debug|ARM.ActiveCfg = Debug|Any CPU
		{373A618D-42DB-421A-94A8-C62A4F0665DE}.Debug|ARM.Build.0 = Debug|Any CPU
		{373A618D-42DB-421A-94A8-C62A4F0665DE}.Debug|ARM64.ActiveCfg = Debug|Any CPU
		{373A618D-42DB-421A-94A8-C62A4F0665DE}.Debug|ARM64.Build.0 = Debug|Any CPU
		{373A618D-42DB-421A-94A8-C62A4F0665DE}.Debug|x64.ActiveCfg = Debug|Any CPU
		{373A618D-42DB-421A-94A8-C62A4F0665DE}.Debug|x64.Build.0 = Debug|Any CPU
		{373A618D-42DB-421A-94A8-C62A4F0665DE}.Debug|x86.ActiveCfg = Debug|Any CPU
		{373A618D-42DB-421A-94A8-C62A4F0665DE}.Debug|x86.Build.0 = Debug|Any CPU
		{373A618D-42DB-421A-94A8-C62A4F0665DE}.Release|Any CPU.ActiveCfg = Release|Any CPU
		{373A618D-42DB-421A-94A8-C62A4F0665DE}.Release|Any CPU.Build.0 = Release|Any CPU
		{373A618D-42DB-421A-94A8-C62A4F0665DE}.Release|ARM.ActiveCfg = Release|Any CPU
		{373A618D-42DB-421A-94A8-C62A4F0665DE}.Release|ARM.Build.0 = Release|Any CPU
		{373A618D-42DB-421A-94A8-C62A4F0665DE}.Release|ARM64.ActiveCfg = Release|Any CPU
		{373A618D-42DB-421A-94A8-C62A4F0665DE}.Release|ARM64.Build.0 = Release|Any CPU
		{373A618D-42DB-421A-94A8-C62A4F0665DE}.Release|x64.ActiveCfg = Release|Any CPU
		{373A618D-42DB-421A-94A8-C62A4F0665DE}.Release|x64.Build.0 = Release|Any CPU
		{373A618D-42DB-421A-94A8-C62A4F0665DE}.Release|x86.ActiveCfg = Release|Any CPU
		{373A618D-42DB-421A-94A8-C62A4F0665DE}.Release|x86.Build.0 = Release|Any CPU
		{A3A93BB3-37D7-45FE-9CC3-353DDE42BC2E}.Debug|Any CPU.ActiveCfg = Debug|Any CPU
		{A3A93BB3-37D7-45FE-9CC3-353DDE42BC2E}.Debug|Any CPU.Build.0 = Debug|Any CPU
		{A3A93BB3-37D7-45FE-9CC3-353DDE42BC2E}.Debug|Any CPU.Deploy.0 = Debug|Any CPU
		{A3A93BB3-37D7-45FE-9CC3-353DDE42BC2E}.Debug|ARM.ActiveCfg = Debug|ARM
		{A3A93BB3-37D7-45FE-9CC3-353DDE42BC2E}.Debug|ARM.Build.0 = Debug|ARM
		{A3A93BB3-37D7-45FE-9CC3-353DDE42BC2E}.Debug|ARM.Deploy.0 = Debug|ARM
		{A3A93BB3-37D7-45FE-9CC3-353DDE42BC2E}.Debug|ARM64.ActiveCfg = Debug|ARM64
		{A3A93BB3-37D7-45FE-9CC3-353DDE42BC2E}.Debug|ARM64.Build.0 = Debug|ARM64
		{A3A93BB3-37D7-45FE-9CC3-353DDE42BC2E}.Debug|ARM64.Deploy.0 = Debug|ARM64
		{A3A93BB3-37D7-45FE-9CC3-353DDE42BC2E}.Debug|x64.ActiveCfg = Debug|x64
		{A3A93BB3-37D7-45FE-9CC3-353DDE42BC2E}.Debug|x64.Build.0 = Debug|x64
		{A3A93BB3-37D7-45FE-9CC3-353DDE42BC2E}.Debug|x64.Deploy.0 = Debug|x64
		{A3A93BB3-37D7-45FE-9CC3-353DDE42BC2E}.Debug|x86.ActiveCfg = Debug|x86
		{A3A93BB3-37D7-45FE-9CC3-353DDE42BC2E}.Debug|x86.Build.0 = Debug|x86
		{A3A93BB3-37D7-45FE-9CC3-353DDE42BC2E}.Debug|x86.Deploy.0 = Debug|x86
		{A3A93BB3-37D7-45FE-9CC3-353DDE42BC2E}.Release|Any CPU.ActiveCfg = Release|Any CPU
		{A3A93BB3-37D7-45FE-9CC3-353DDE42BC2E}.Release|Any CPU.Build.0 = Release|Any CPU
		{A3A93BB3-37D7-45FE-9CC3-353DDE42BC2E}.Release|Any CPU.Deploy.0 = Release|Any CPU
		{A3A93BB3-37D7-45FE-9CC3-353DDE42BC2E}.Release|ARM.ActiveCfg = Release|ARM
		{A3A93BB3-37D7-45FE-9CC3-353DDE42BC2E}.Release|ARM.Build.0 = Release|ARM
		{A3A93BB3-37D7-45FE-9CC3-353DDE42BC2E}.Release|ARM.Deploy.0 = Release|ARM
		{A3A93BB3-37D7-45FE-9CC3-353DDE42BC2E}.Release|ARM64.ActiveCfg = Release|ARM64
		{A3A93BB3-37D7-45FE-9CC3-353DDE42BC2E}.Release|ARM64.Build.0 = Release|ARM64
		{A3A93BB3-37D7-45FE-9CC3-353DDE42BC2E}.Release|ARM64.Deploy.0 = Release|ARM64
		{A3A93BB3-37D7-45FE-9CC3-353DDE42BC2E}.Release|x64.ActiveCfg = Release|x64
		{A3A93BB3-37D7-45FE-9CC3-353DDE42BC2E}.Release|x64.Build.0 = Release|x64
		{A3A93BB3-37D7-45FE-9CC3-353DDE42BC2E}.Release|x64.Deploy.0 = Release|x64
		{A3A93BB3-37D7-45FE-9CC3-353DDE42BC2E}.Release|x86.ActiveCfg = Release|x86
		{A3A93BB3-37D7-45FE-9CC3-353DDE42BC2E}.Release|x86.Build.0 = Release|x86
		{A3A93BB3-37D7-45FE-9CC3-353DDE42BC2E}.Release|x86.Deploy.0 = Release|x86
	EndGlobalSection
	GlobalSection(SolutionProperties) = preSolution
		HideSolutionNode = FALSE
	EndGlobalSection
	GlobalSection(NestedProjects) = preSolution
		{E9C068A9-EA10-436C-BBE7-8CA9047B9B70} = {87EA62A0-E7E1-44A8-A766-13F48F2849E1}
		{B83CFFFE-8A5B-4C37-AF4E-9B8673618F5F} = {E85E75DB-4CF7-460F-8D5E-F68626121278}
		{CDBEC9F7-EE90-4050-BE46-239FE21C474F} = {87EA62A0-E7E1-44A8-A766-13F48F2849E1}
		{00992B0E-844E-44BA-B88E-9F07CBD0392F} = {87EA62A0-E7E1-44A8-A766-13F48F2849E1}
		{13E5A432-B670-4F65-B865-5873AD3DC240} = {87EA62A0-E7E1-44A8-A766-13F48F2849E1}
		{3AE627CF-9E7C-4D28-936E-6C078AB48870} = {E85E75DB-4CF7-460F-8D5E-F68626121278}
		{35D9FCAC-72B4-4356-BE5E-EC9DBAAB6E78} = {E85E75DB-4CF7-460F-8D5E-F68626121278}
		{D0673ED8-366D-414B-877C-7D5E49C64F5A} = {E85E75DB-4CF7-460F-8D5E-F68626121278}
		{AC7D99F4-3F4B-4F7E-BE76-4944E223E91D} = {87EA62A0-E7E1-44A8-A766-13F48F2849E1}
		{3AD1343F-875A-48AA-87B6-8954613EA7C7} = {E85E75DB-4CF7-460F-8D5E-F68626121278}
		{F9CE08AC-0919-468B-B23A-7882D1AE9A68} = {285ACFD8-0FCA-4917-B73A-06435E65EB1F}
		{373A618D-42DB-421A-94A8-C62A4F0665DE} = {13516696-B851-4268-A502-0D3C8AD4A118}
		{A3A93BB3-37D7-45FE-9CC3-353DDE42BC2E} = {E85E75DB-4CF7-460F-8D5E-F68626121278}
	EndGlobalSection
	GlobalSection(ExtensibilityGlobals) = postSolution
		SolutionGuid = {370892BA-A315-4F47-8CF4-28361764067C}
	EndGlobalSection
EndGlobal
