
Microsoft Visual Studio Solution File, Format Version 12.00
# Visual Studio Version 16
VisualStudioVersion = 16.0.29806.167
MinimumVisualStudioVersion = 10.0.40219.1
Project("{FAE04EC0-301F-11D3-BF4B-00C04F79EFBC}") = "FlightEvents.Web", "FlightEvents.Web\FlightEvents.Web.csproj", "{E9C068A9-EA10-436C-BBE7-8CA9047B9B70}"
EndProject
Project("{FAE04EC0-301F-11D3-BF4B-00C04F79EFBC}") = "FlightEvents.Client", "FlightEvents.Client\FlightEvents.Client.csproj", "{B83CFFFE-8A5B-4C37-AF4E-9B8673618F5F}"
EndProject
Project("{FAE04EC0-301F-11D3-BF4B-00C04F79EFBC}") = "FlightEvents.Data", "FlightEvents.Data\FlightEvents.Data.csproj", "{CDBEC9F7-EE90-4050-BE46-239FE21C474F}"
EndProject
Project("{FAE04EC0-301F-11D3-BF4B-00C04F79EFBC}") = "FlightEvents.Web.GraphQL", "FlightEvents.Web.GraphQL\FlightEvents.Web.GraphQL.csproj", "{00992B0E-844E-44BA-B88E-9F07CBD0392F}"
EndProject
Project("{FAE04EC0-301F-11D3-BF4B-00C04F79EFBC}") = "FlightEvents.Data.JsonFile", "FlightEvents.Data.JsonFile\FlightEvents.Data.JsonFile.csproj", "{13E5A432-B670-4F65-B865-5873AD3DC240}"
EndProject
Global
	GlobalSection(SolutionConfigurationPlatforms) = preSolution
		Debug|Any CPU = Debug|Any CPU
		Release|Any CPU = Release|Any CPU
	EndGlobalSection
	GlobalSection(ProjectConfigurationPlatforms) = postSolution
		{E9C068A9-EA10-436C-BBE7-8CA9047B9B70}.Debug|Any CPU.ActiveCfg = Debug|Any CPU
		{E9C068A9-EA10-436C-BBE7-8CA9047B9B70}.Debug|Any CPU.Build.0 = Debug|Any CPU
		{E9C068A9-EA10-436C-BBE7-8CA9047B9B70}.Release|Any CPU.ActiveCfg = Release|Any CPU
		{E9C068A9-EA10-436C-BBE7-8CA9047B9B70}.Release|Any CPU.Build.0 = Release|Any CPU
		{B83CFFFE-8A5B-4C37-AF4E-9B8673618F5F}.Debug|Any CPU.ActiveCfg = Debug|Any CPU
		{B83CFFFE-8A5B-4C37-AF4E-9B8673618F5F}.Debug|Any CPU.Build.0 = Debug|Any CPU
		{B83CFFFE-8A5B-4C37-AF4E-9B8673618F5F}.Release|Any CPU.ActiveCfg = Release|Any CPU
		{B83CFFFE-8A5B-4C37-AF4E-9B8673618F5F}.Release|Any CPU.Build.0 = Release|Any CPU
		{CDBEC9F7-EE90-4050-BE46-239FE21C474F}.Debug|Any CPU.ActiveCfg = Debug|Any CPU
		{CDBEC9F7-EE90-4050-BE46-239FE21C474F}.Debug|Any CPU.Build.0 = Debug|Any CPU
		{CDBEC9F7-EE90-4050-BE46-239FE21C474F}.Release|Any CPU.ActiveCfg = Release|Any CPU
		{CDBEC9F7-EE90-4050-BE46-239FE21C474F}.Release|Any CPU.Build.0 = Release|Any CPU
		{00992B0E-844E-44BA-B88E-9F07CBD0392F}.Debug|Any CPU.ActiveCfg = Debug|Any CPU
		{00992B0E-844E-44BA-B88E-9F07CBD0392F}.Debug|Any CPU.Build.0 = Debug|Any CPU
		{00992B0E-844E-44BA-B88E-9F07CBD0392F}.Release|Any CPU.ActiveCfg = Release|Any CPU
		{00992B0E-844E-44BA-B88E-9F07CBD0392F}.Release|Any CPU.Build.0 = Release|Any CPU
		{13E5A432-B670-4F65-B865-5873AD3DC240}.Debug|Any CPU.ActiveCfg = Debug|Any CPU
		{13E5A432-B670-4F65-B865-5873AD3DC240}.Debug|Any CPU.Build.0 = Debug|Any CPU
		{13E5A432-B670-4F65-B865-5873AD3DC240}.Release|Any CPU.ActiveCfg = Release|Any CPU
		{13E5A432-B670-4F65-B865-5873AD3DC240}.Release|Any CPU.Build.0 = Release|Any CPU
	EndGlobalSection
	GlobalSection(SolutionProperties) = preSolution
		HideSolutionNode = FALSE
	EndGlobalSection
	GlobalSection(ExtensibilityGlobals) = postSolution
		SolutionGuid = {370892BA-A315-4F47-8CF4-28361764067C}
	EndGlobalSection
EndGlobal
